// !$*UTF8*$!
{
	archiveVersion = 1;
	classes = {
	};
	objectVersion = 56;
	objects = {

/* Begin PBXBuildFile section */
		3117A7822991F8D60081CFEA /* v1_uiApp.swift in Sources */ = {isa = PBXBuildFile; fileRef = 3117A7812991F8D60081CFEA /* v1_uiApp.swift */; };
		3117A7842991F8D60081CFEA /* ContentView.swift in Sources */ = {isa = PBXBuildFile; fileRef = 3117A7832991F8D60081CFEA /* ContentView.swift */; };
		3117A7862991F8D70081CFEA /* Assets.xcassets in Resources */ = {isa = PBXBuildFile; fileRef = 3117A7852991F8D70081CFEA /* Assets.xcassets */; };
		3117A7892991F8D70081CFEA /* Preview Assets.xcassets in Resources */ = {isa = PBXBuildFile; fileRef = 3117A7882991F8D70081CFEA /* Preview Assets.xcassets */; };
		3117A7902991F9140081CFEA /* circle_layout.swift in Sources */ = {isa = PBXBuildFile; fileRef = 3117A78F2991F9140081CFEA /* circle_layout.swift */; };
		3117A792299208FA0081CFEA /* fadeview.swift in Sources */ = {isa = PBXBuildFile; fileRef = 3117A791299208FA0081CFEA /* fadeview.swift */; };
		3117A794299307870081CFEA /* cool_ui.swift in Sources */ = {isa = PBXBuildFile; fileRef = 3117A793299307870081CFEA /* cool_ui.swift */; };
		3117A796299311C60081CFEA /* random1.swift in Sources */ = {isa = PBXBuildFile; fileRef = 3117A795299311C60081CFEA /* random1.swift */; };
		3117A79929935E1D0081CFEA /* pathview.swift in Sources */ = {isa = PBXBuildFile; fileRef = 3117A79829935E1D0081CFEA /* pathview.swift */; };
		3117A79B299367FC0081CFEA /* flipkindof.swift in Sources */ = {isa = PBXBuildFile; fileRef = 3117A79A299367FC0081CFEA /* flipkindof.swift */; };
		3117A79D2993697A0081CFEA /* secondflip.swift in Sources */ = {isa = PBXBuildFile; fileRef = 3117A79C2993697A0081CFEA /* secondflip.swift */; };
		3117A7B229989CBC0081CFEA /* openai1.swift in Sources */ = {isa = PBXBuildFile; fileRef = 3117A7B129989CBC0081CFEA /* openai1.swift */; };
		3149C3C929A28B1000CE62DE /* sunday1.swift in Sources */ = {isa = PBXBuildFile; fileRef = 3149C3C829A28B1000CE62DE /* sunday1.swift */; };
		3149C3CB29A2903100CE62DE /* sunday2.swift in Sources */ = {isa = PBXBuildFile; fileRef = 3149C3CA29A2903100CE62DE /* sunday2.swift */; };
		3149C3CD29A291DA00CE62DE /* sunday3.swift in Sources */ = {isa = PBXBuildFile; fileRef = 3149C3CC29A291DA00CE62DE /* sunday3.swift */; };
		3149C3CF29A2945A00CE62DE /* sunday4.swift in Sources */ = {isa = PBXBuildFile; fileRef = 3149C3CE29A2945A00CE62DE /* sunday4.swift */; };
		3149C3D129A29DDA00CE62DE /* sunday5.swift in Sources */ = {isa = PBXBuildFile; fileRef = 3149C3D029A29DDA00CE62DE /* sunday5.swift */; };
		3149C3D329A2A49000CE62DE /* sunday6.swift in Sources */ = {isa = PBXBuildFile; fileRef = 3149C3D229A2A49000CE62DE /* sunday6.swift */; };
		3149C3D529A2A74400CE62DE /* sunday7.swift in Sources */ = {isa = PBXBuildFile; fileRef = 3149C3D429A2A74400CE62DE /* sunday7.swift */; };
		3149C3D929A2AE4300CE62DE /* sunday9.swift in Sources */ = {isa = PBXBuildFile; fileRef = 3149C3D829A2AE4300CE62DE /* sunday9.swift */; };
		3149C3DB29A2C8BB00CE62DE /* sunday10.swift in Sources */ = {isa = PBXBuildFile; fileRef = 3149C3DA29A2C8BB00CE62DE /* sunday10.swift */; };
		3149C3DD29A2CC1600CE62DE /* sunday11.swift in Sources */ = {isa = PBXBuildFile; fileRef = 3149C3DC29A2CC1600CE62DE /* sunday11.swift */; };
		3149C3DF29A2DAA000CE62DE /* sunday12.swift in Sources */ = {isa = PBXBuildFile; fileRef = 3149C3DE29A2DAA000CE62DE /* sunday12.swift */; };
		3149C3E129A31A4300CE62DE /* sunday13.swift in Sources */ = {isa = PBXBuildFile; fileRef = 3149C3E029A31A4200CE62DE /* sunday13.swift */; };
		3149C3E329A31F8C00CE62DE /* sunday14.swift in Sources */ = {isa = PBXBuildFile; fileRef = 3149C3E229A31F8C00CE62DE /* sunday14.swift */; };
		3149C3E529A3298600CE62DE /* sunday15.swift in Sources */ = {isa = PBXBuildFile; fileRef = 3149C3E429A3298600CE62DE /* sunday15.swift */; };
		3149C3E729A32BC400CE62DE /* sunday16.swift in Sources */ = {isa = PBXBuildFile; fileRef = 3149C3E629A32BC400CE62DE /* sunday16.swift */; };
		3149C3E929A32BE800CE62DE /* sunday17.swift in Sources */ = {isa = PBXBuildFile; fileRef = 3149C3E829A32BE800CE62DE /* sunday17.swift */; };
		3149C3EC29A32CB600CE62DE /* Movie.swift in Sources */ = {isa = PBXBuildFile; fileRef = 3149C3EB29A32CB600CE62DE /* Movie.swift */; };
		3149C3EE29A32E1D00CE62DE /* Home.swift in Sources */ = {isa = PBXBuildFile; fileRef = 3149C3ED29A32E1D00CE62DE /* Home.swift */; };
		3149C3F029A446E800CE62DE /* CustomCarousel.swift in Sources */ = {isa = PBXBuildFile; fileRef = 3149C3EF29A446E800CE62DE /* CustomCarousel.swift */; };
		3149C3F629A50DD300CE62DE /* postType.swift in Sources */ = {isa = PBXBuildFile; fileRef = 3149C3F529A50DD300CE62DE /* postType.swift */; };
		3149C3F829A511ED00CE62DE /* TestHome.swift in Sources */ = {isa = PBXBuildFile; fileRef = 3149C3F729A511ED00CE62DE /* TestHome.swift */; };
		3149C43F29A68D0100CE62DE /* SwiftUISegues in Frameworks */ = {isa = PBXBuildFile; productRef = 3149C43E29A68D0100CE62DE /* SwiftUISegues */; };
		3149C44229A68D6F00CE62DE /* testSegue.swift in Sources */ = {isa = PBXBuildFile; fileRef = 3149C44129A68D6F00CE62DE /* testSegue.swift */; };
		31DE8D7B29A1D91B009A0A18 /* real_home.swift in Sources */ = {isa = PBXBuildFile; fileRef = 31DE8D7A29A1D85B009A0A18 /* real_home.swift */; };
/* End PBXBuildFile section */

/* Begin PBXFileReference section */
		3117A77E2991F8D60081CFEA /* v1_ui.app */ = {isa = PBXFileReference; explicitFileType = wrapper.application; includeInIndex = 0; path = v1_ui.app; sourceTree = BUILT_PRODUCTS_DIR; };
		3117A7812991F8D60081CFEA /* v1_uiApp.swift */ = {isa = PBXFileReference; lastKnownFileType = sourcecode.swift; path = v1_uiApp.swift; sourceTree = "<group>"; };
		3117A7832991F8D60081CFEA /* ContentView.swift */ = {isa = PBXFileReference; lastKnownFileType = sourcecode.swift; path = ContentView.swift; sourceTree = "<group>"; };
		3117A7852991F8D70081CFEA /* Assets.xcassets */ = {isa = PBXFileReference; lastKnownFileType = folder.assetcatalog; path = Assets.xcassets; sourceTree = "<group>"; };
		3117A7882991F8D70081CFEA /* Preview Assets.xcassets */ = {isa = PBXFileReference; lastKnownFileType = folder.assetcatalog; path = "Preview Assets.xcassets"; sourceTree = "<group>"; };
		3117A78F2991F9140081CFEA /* circle_layout.swift */ = {isa = PBXFileReference; lastKnownFileType = sourcecode.swift; path = circle_layout.swift; sourceTree = "<group>"; };
		3117A791299208FA0081CFEA /* fadeview.swift */ = {isa = PBXFileReference; lastKnownFileType = sourcecode.swift; path = fadeview.swift; sourceTree = "<group>"; };
		3117A793299307870081CFEA /* cool_ui.swift */ = {isa = PBXFileReference; lastKnownFileType = sourcecode.swift; path = cool_ui.swift; sourceTree = "<group>"; };
		3117A795299311C60081CFEA /* random1.swift */ = {isa = PBXFileReference; lastKnownFileType = sourcecode.swift; path = random1.swift; sourceTree = "<group>"; };
		3117A79829935E1D0081CFEA /* pathview.swift */ = {isa = PBXFileReference; lastKnownFileType = sourcecode.swift; path = pathview.swift; sourceTree = "<group>"; };
		3117A79A299367FC0081CFEA /* flipkindof.swift */ = {isa = PBXFileReference; lastKnownFileType = sourcecode.swift; path = flipkindof.swift; sourceTree = "<group>"; };
		3117A79C2993697A0081CFEA /* secondflip.swift */ = {isa = PBXFileReference; lastKnownFileType = sourcecode.swift; path = secondflip.swift; sourceTree = "<group>"; };
		3117A7B129989CBC0081CFEA /* openai1.swift */ = {isa = PBXFileReference; lastKnownFileType = sourcecode.swift; path = openai1.swift; sourceTree = "<group>"; };
		3149C3C829A28B1000CE62DE /* sunday1.swift */ = {isa = PBXFileReference; lastKnownFileType = sourcecode.swift; path = sunday1.swift; sourceTree = "<group>"; };
		3149C3CA29A2903100CE62DE /* sunday2.swift */ = {isa = PBXFileReference; lastKnownFileType = sourcecode.swift; path = sunday2.swift; sourceTree = "<group>"; };
		3149C3CC29A291DA00CE62DE /* sunday3.swift */ = {isa = PBXFileReference; lastKnownFileType = sourcecode.swift; path = sunday3.swift; sourceTree = "<group>"; };
		3149C3CE29A2945A00CE62DE /* sunday4.swift */ = {isa = PBXFileReference; lastKnownFileType = sourcecode.swift; path = sunday4.swift; sourceTree = "<group>"; };
		3149C3D029A29DDA00CE62DE /* sunday5.swift */ = {isa = PBXFileReference; lastKnownFileType = sourcecode.swift; path = sunday5.swift; sourceTree = "<group>"; };
		3149C3D229A2A49000CE62DE /* sunday6.swift */ = {isa = PBXFileReference; lastKnownFileType = sourcecode.swift; path = sunday6.swift; sourceTree = "<group>"; };
		3149C3D429A2A74400CE62DE /* sunday7.swift */ = {isa = PBXFileReference; lastKnownFileType = sourcecode.swift; path = sunday7.swift; sourceTree = "<group>"; };
		3149C3D829A2AE4300CE62DE /* sunday9.swift */ = {isa = PBXFileReference; lastKnownFileType = sourcecode.swift; path = sunday9.swift; sourceTree = "<group>"; };
		3149C3DA29A2C8BB00CE62DE /* sunday10.swift */ = {isa = PBXFileReference; lastKnownFileType = sourcecode.swift; path = sunday10.swift; sourceTree = "<group>"; };
		3149C3DC29A2CC1600CE62DE /* sunday11.swift */ = {isa = PBXFileReference; lastKnownFileType = sourcecode.swift; path = sunday11.swift; sourceTree = "<group>"; };
		3149C3DE29A2DAA000CE62DE /* sunday12.swift */ = {isa = PBXFileReference; lastKnownFileType = sourcecode.swift; path = sunday12.swift; sourceTree = "<group>"; };
		3149C3E029A31A4200CE62DE /* sunday13.swift */ = {isa = PBXFileReference; lastKnownFileType = sourcecode.swift; path = sunday13.swift; sourceTree = "<group>"; };
		3149C3E229A31F8C00CE62DE /* sunday14.swift */ = {isa = PBXFileReference; lastKnownFileType = sourcecode.swift; path = sunday14.swift; sourceTree = "<group>"; };
		3149C3E429A3298600CE62DE /* sunday15.swift */ = {isa = PBXFileReference; lastKnownFileType = sourcecode.swift; path = sunday15.swift; sourceTree = "<group>"; };
		3149C3E629A32BC400CE62DE /* sunday16.swift */ = {isa = PBXFileReference; lastKnownFileType = sourcecode.swift; path = sunday16.swift; sourceTree = "<group>"; };
		3149C3E829A32BE800CE62DE /* sunday17.swift */ = {isa = PBXFileReference; lastKnownFileType = sourcecode.swift; path = sunday17.swift; sourceTree = "<group>"; };
		3149C3EB29A32CB600CE62DE /* Movie.swift */ = {isa = PBXFileReference; lastKnownFileType = sourcecode.swift; path = Movie.swift; sourceTree = "<group>"; };
		3149C3ED29A32E1D00CE62DE /* Home.swift */ = {isa = PBXFileReference; lastKnownFileType = sourcecode.swift; path = Home.swift; sourceTree = "<group>"; };
		3149C3EF29A446E800CE62DE /* CustomCarousel.swift */ = {isa = PBXFileReference; lastKnownFileType = sourcecode.swift; path = CustomCarousel.swift; sourceTree = "<group>"; };
		3149C3F529A50DD300CE62DE /* postType.swift */ = {isa = PBXFileReference; lastKnownFileType = sourcecode.swift; path = postType.swift; sourceTree = "<group>"; };
		3149C3F729A511ED00CE62DE /* TestHome.swift */ = {isa = PBXFileReference; lastKnownFileType = sourcecode.swift; path = TestHome.swift; sourceTree = "<group>"; };
		3149C44129A68D6F00CE62DE /* testSegue.swift */ = {isa = PBXFileReference; lastKnownFileType = sourcecode.swift; path = testSegue.swift; sourceTree = "<group>"; };
		31DE8D7A29A1D85B009A0A18 /* real_home.swift */ = {isa = PBXFileReference; lastKnownFileType = sourcecode.swift; path = real_home.swift; sourceTree = "<group>"; };
/* End PBXFileReference section */

/* Begin PBXFrameworksBuildPhase section */
		3117A77B2991F8D60081CFEA /* Frameworks */ = {
			isa = PBXFrameworksBuildPhase;
			buildActionMask = 2147483647;
			files = (
				3149C43F29A68D0100CE62DE /* SwiftUISegues in Frameworks */,
			);
			runOnlyForDeploymentPostprocessing = 0;
		};
/* End PBXFrameworksBuildPhase section */

/* Begin PBXGroup section */
		3117A7752991F8D60081CFEA = {
			isa = PBXGroup;
			children = (
				3149C3C829A28B1000CE62DE /* sunday1.swift */,
				3149C3CA29A2903100CE62DE /* sunday2.swift */,
				3149C3CC29A291DA00CE62DE /* sunday3.swift */,
				3149C3CE29A2945A00CE62DE /* sunday4.swift */,
				3149C3D029A29DDA00CE62DE /* sunday5.swift */,
				3149C3D229A2A49000CE62DE /* sunday6.swift */,
				3149C3D429A2A74400CE62DE /* sunday7.swift */,
				3149C3D829A2AE4300CE62DE /* sunday9.swift */,
				3149C3DA29A2C8BB00CE62DE /* sunday10.swift */,
				3149C3DC29A2CC1600CE62DE /* sunday11.swift */,
				3149C3DE29A2DAA000CE62DE /* sunday12.swift */,
				3149C3E029A31A4200CE62DE /* sunday13.swift */,
				3149C3E229A31F8C00CE62DE /* sunday14.swift */,
				3149C3E429A3298600CE62DE /* sunday15.swift */,
				3149C3E629A32BC400CE62DE /* sunday16.swift */,
				3149C3E829A32BE800CE62DE /* sunday17.swift */,
				3149C44029A68D0E00CE62DE /* seguestuff */,
				3149C3F429A50DBE00CE62DE /* real shit */,
				3149C3EA29A32C2D00CE62DE /* move car */,
				31DE8D7929A1D775009A0A18 /* first things */,
				3117A7802991F8D60081CFEA /* v1_ui */,
				3117A77F2991F8D60081CFEA /* Products */,
			);
			sourceTree = "<group>";
		};
		3117A77F2991F8D60081CFEA /* Products */ = {
			isa = PBXGroup;
			children = (
				3117A77E2991F8D60081CFEA /* v1_ui.app */,
			);
			name = Products;
			sourceTree = "<group>";
		};
		3117A7802991F8D60081CFEA /* v1_ui */ = {
			isa = PBXGroup;
			children = (
				3117A7812991F8D60081CFEA /* v1_uiApp.swift */,
				3117A7832991F8D60081CFEA /* ContentView.swift */,
				3117A7852991F8D70081CFEA /* Assets.xcassets */,
				3117A7872991F8D70081CFEA /* Preview Content */,
			);
			path = v1_ui;
			sourceTree = "<group>";
		};
		3117A7872991F8D70081CFEA /* Preview Content */ = {
			isa = PBXGroup;
			children = (
				3117A7882991F8D70081CFEA /* Preview Assets.xcassets */,
			);
			path = "Preview Content";
			sourceTree = "<group>";
		};
		3149C3EA29A32C2D00CE62DE /* move car */ = {
			isa = PBXGroup;
			children = (
				3149C3EB29A32CB600CE62DE /* Movie.swift */,
				3149C3ED29A32E1D00CE62DE /* Home.swift */,
				3149C3EF29A446E800CE62DE /* CustomCarousel.swift */,
			);
			path = "move car";
			sourceTree = "<group>";
		};
		3149C3F429A50DBE00CE62DE /* real shit */ = {
			isa = PBXGroup;
			children = (
				3149C3F529A50DD300CE62DE /* postType.swift */,
				3149C3F729A511ED00CE62DE /* TestHome.swift */,
			);
			path = "real shit";
			sourceTree = "<group>";
		};
		3149C44029A68D0E00CE62DE /* seguestuff */ = {
			isa = PBXGroup;
			children = (
				3149C44129A68D6F00CE62DE /* testSegue.swift */,
			);
			path = seguestuff;
			sourceTree = "<group>";
		};
		31DE8D7929A1D775009A0A18 /* first things */ = {
			isa = PBXGroup;
			children = (
				3117A7B129989CBC0081CFEA /* openai1.swift */,
				3117A79C2993697A0081CFEA /* secondflip.swift */,
				3117A79A299367FC0081CFEA /* flipkindof.swift */,
				3117A78F2991F9140081CFEA /* circle_layout.swift */,
				3117A793299307870081CFEA /* cool_ui.swift */,
				31DE8D7A29A1D85B009A0A18 /* real_home.swift */,
				3117A791299208FA0081CFEA /* fadeview.swift */,
				3117A795299311C60081CFEA /* random1.swift */,
				3117A79829935E1D0081CFEA /* pathview.swift */,
			);
			path = "first things";
			sourceTree = "<group>";
		};
/* End PBXGroup section */

/* Begin PBXNativeTarget section */
		3117A77D2991F8D60081CFEA /* v1_ui */ = {
			isa = PBXNativeTarget;
			buildConfigurationList = 3117A78C2991F8D70081CFEA /* Build configuration list for PBXNativeTarget "v1_ui" */;
			buildPhases = (
				3117A77A2991F8D60081CFEA /* Sources */,
				3117A77B2991F8D60081CFEA /* Frameworks */,
				3117A77C2991F8D60081CFEA /* Resources */,
			);
			buildRules = (
			);
			dependencies = (
			);
			name = v1_ui;
			packageProductDependencies = (
				3149C43E29A68D0100CE62DE /* SwiftUISegues */,
			);
			productName = v1_ui;
			productReference = 3117A77E2991F8D60081CFEA /* v1_ui.app */;
			productType = "com.apple.product-type.application";
		};
/* End PBXNativeTarget section */

/* Begin PBXProject section */
		3117A7762991F8D60081CFEA /* Project object */ = {
			isa = PBXProject;
			attributes = {
				BuildIndependentTargetsInParallel = 1;
				LastSwiftUpdateCheck = 1410;
				LastUpgradeCheck = 1410;
				TargetAttributes = {
					3117A77D2991F8D60081CFEA = {
						CreatedOnToolsVersion = 14.1;
					};
				};
			};
			buildConfigurationList = 3117A7792991F8D60081CFEA /* Build configuration list for PBXProject "v1_ui" */;
			compatibilityVersion = "Xcode 14.0";
			developmentRegion = en;
			hasScannedForEncodings = 0;
			knownRegions = (
				en,
				Base,
			);
			mainGroup = 3117A7752991F8D60081CFEA;
			packageReferences = (
				3149C43D29A68D0100CE62DE /* XCRemoteSwiftPackageReference "swiftui-segues" */,
			);
			productRefGroup = 3117A77F2991F8D60081CFEA /* Products */;
			projectDirPath = "";
			projectRoot = "";
			targets = (
				3117A77D2991F8D60081CFEA /* v1_ui */,
			);
		};
/* End PBXProject section */

/* Begin PBXResourcesBuildPhase section */
		3117A77C2991F8D60081CFEA /* Resources */ = {
			isa = PBXResourcesBuildPhase;
			buildActionMask = 2147483647;
			files = (
				3117A7892991F8D70081CFEA /* Preview Assets.xcassets in Resources */,
				3117A7862991F8D70081CFEA /* Assets.xcassets in Resources */,
			);
			runOnlyForDeploymentPostprocessing = 0;
		};
/* End PBXResourcesBuildPhase section */

/* Begin PBXSourcesBuildPhase section */
		3117A77A2991F8D60081CFEA /* Sources */ = {
			isa = PBXSourcesBuildPhase;
			buildActionMask = 2147483647;
			files = (
				31DE8D7B29A1D91B009A0A18 /* real_home.swift in Sources */,
				3149C3D129A29DDA00CE62DE /* sunday5.swift in Sources */,
				3149C3E329A31F8C00CE62DE /* sunday14.swift in Sources */,
				3149C3EE29A32E1D00CE62DE /* Home.swift in Sources */,
				3149C3DD29A2CC1600CE62DE /* sunday11.swift in Sources */,
				3149C3D929A2AE4300CE62DE /* sunday9.swift in Sources */,
				3149C3E929A32BE800CE62DE /* sunday17.swift in Sources */,
				3117A796299311C60081CFEA /* random1.swift in Sources */,
				3117A79D2993697A0081CFEA /* secondflip.swift in Sources */,
				3117A79B299367FC0081CFEA /* flipkindof.swift in Sources */,
				3117A792299208FA0081CFEA /* fadeview.swift in Sources */,
				3149C3CB29A2903100CE62DE /* sunday2.swift in Sources */,
				3117A794299307870081CFEA /* cool_ui.swift in Sources */,
				3117A79929935E1D0081CFEA /* pathview.swift in Sources */,
				3117A7902991F9140081CFEA /* circle_layout.swift in Sources */,
				3149C3EC29A32CB600CE62DE /* Movie.swift in Sources */,
				3149C3E129A31A4300CE62DE /* sunday13.swift in Sources */,
				3149C3E529A3298600CE62DE /* sunday15.swift in Sources */,
				3149C3F829A511ED00CE62DE /* TestHome.swift in Sources */,
				3149C44229A68D6F00CE62DE /* testSegue.swift in Sources */,
				3149C3CF29A2945A00CE62DE /* sunday4.swift in Sources */,
				3149C3CD29A291DA00CE62DE /* sunday3.swift in Sources */,
				3149C3F629A50DD300CE62DE /* postType.swift in Sources */,
				3149C3DF29A2DAA000CE62DE /* sunday12.swift in Sources */,
				3117A7B229989CBC0081CFEA /* openai1.swift in Sources */,
				3149C3DB29A2C8BB00CE62DE /* sunday10.swift in Sources */,
				3149C3E729A32BC400CE62DE /* sunday16.swift in Sources */,
				3149C3D329A2A49000CE62DE /* sunday6.swift in Sources */,
				3149C3C929A28B1000CE62DE /* sunday1.swift in Sources */,
				3149C3F029A446E800CE62DE /* CustomCarousel.swift in Sources */,
				3149C3D529A2A74400CE62DE /* sunday7.swift in Sources */,
				3117A7842991F8D60081CFEA /* ContentView.swift in Sources */,
				3117A7822991F8D60081CFEA /* v1_uiApp.swift in Sources */,
			);
			runOnlyForDeploymentPostprocessing = 0;
		};
/* End PBXSourcesBuildPhase section */

/* Begin XCBuildConfiguration section */
		3117A78A2991F8D70081CFEA /* Debug */ = {
			isa = XCBuildConfiguration;
			buildSettings = {
				ALWAYS_SEARCH_USER_PATHS = NO;
				CLANG_ANALYZER_NONNULL = YES;
				CLANG_ANALYZER_NUMBER_OBJECT_CONVERSION = YES_AGGRESSIVE;
				CLANG_CXX_LANGUAGE_STANDARD = "gnu++20";
				CLANG_ENABLE_MODULES = YES;
				CLANG_ENABLE_OBJC_ARC = YES;
				CLANG_ENABLE_OBJC_WEAK = YES;
				CLANG_WARN_BLOCK_CAPTURE_AUTORELEASING = YES;
				CLANG_WARN_BOOL_CONVERSION = YES;
				CLANG_WARN_COMMA = YES;
				CLANG_WARN_CONSTANT_CONVERSION = YES;
				CLANG_WARN_DEPRECATED_OBJC_IMPLEMENTATIONS = YES;
				CLANG_WARN_DIRECT_OBJC_ISA_USAGE = YES_ERROR;
				CLANG_WARN_DOCUMENTATION_COMMENTS = YES;
				CLANG_WARN_EMPTY_BODY = YES;
				CLANG_WARN_ENUM_CONVERSION = YES;
				CLANG_WARN_INFINITE_RECURSION = YES;
				CLANG_WARN_INT_CONVERSION = YES;
				CLANG_WARN_NON_LITERAL_NULL_CONVERSION = YES;
				CLANG_WARN_OBJC_IMPLICIT_RETAIN_SELF = YES;
				CLANG_WARN_OBJC_LITERAL_CONVERSION = YES;
				CLANG_WARN_OBJC_ROOT_CLASS = YES_ERROR;
				CLANG_WARN_QUOTED_INCLUDE_IN_FRAMEWORK_HEADER = YES;
				CLANG_WARN_RANGE_LOOP_ANALYSIS = YES;
				CLANG_WARN_STRICT_PROTOTYPES = YES;
				CLANG_WARN_SUSPICIOUS_MOVE = YES;
				CLANG_WARN_UNGUARDED_AVAILABILITY = YES_AGGRESSIVE;
				CLANG_WARN_UNREACHABLE_CODE = YES;
				CLANG_WARN__DUPLICATE_METHOD_MATCH = YES;
				COPY_PHASE_STRIP = NO;
				DEBUG_INFORMATION_FORMAT = dwarf;
				ENABLE_STRICT_OBJC_MSGSEND = YES;
				ENABLE_TESTABILITY = YES;
				GCC_C_LANGUAGE_STANDARD = gnu11;
				GCC_DYNAMIC_NO_PIC = NO;
				GCC_NO_COMMON_BLOCKS = YES;
				GCC_OPTIMIZATION_LEVEL = 0;
				GCC_PREPROCESSOR_DEFINITIONS = (
					"DEBUG=1",
					"$(inherited)",
				);
				GCC_WARN_64_TO_32_BIT_CONVERSION = YES;
				GCC_WARN_ABOUT_RETURN_TYPE = YES_ERROR;
				GCC_WARN_UNDECLARED_SELECTOR = YES;
				GCC_WARN_UNINITIALIZED_AUTOS = YES_AGGRESSIVE;
				GCC_WARN_UNUSED_FUNCTION = YES;
				GCC_WARN_UNUSED_VARIABLE = YES;
				IPHONEOS_DEPLOYMENT_TARGET = 16.1;
				MTL_ENABLE_DEBUG_INFO = INCLUDE_SOURCE;
				MTL_FAST_MATH = YES;
				ONLY_ACTIVE_ARCH = YES;
				SDKROOT = iphoneos;
				SWIFT_ACTIVE_COMPILATION_CONDITIONS = DEBUG;
				SWIFT_OPTIMIZATION_LEVEL = "-Onone";
			};
			name = Debug;
		};
		3117A78B2991F8D70081CFEA /* Release */ = {
			isa = XCBuildConfiguration;
			buildSettings = {
				ALWAYS_SEARCH_USER_PATHS = NO;
				CLANG_ANALYZER_NONNULL = YES;
				CLANG_ANALYZER_NUMBER_OBJECT_CONVERSION = YES_AGGRESSIVE;
				CLANG_CXX_LANGUAGE_STANDARD = "gnu++20";
				CLANG_ENABLE_MODULES = YES;
				CLANG_ENABLE_OBJC_ARC = YES;
				CLANG_ENABLE_OBJC_WEAK = YES;
				CLANG_WARN_BLOCK_CAPTURE_AUTORELEASING = YES;
				CLANG_WARN_BOOL_CONVERSION = YES;
				CLANG_WARN_COMMA = YES;
				CLANG_WARN_CONSTANT_CONVERSION = YES;
				CLANG_WARN_DEPRECATED_OBJC_IMPLEMENTATIONS = YES;
				CLANG_WARN_DIRECT_OBJC_ISA_USAGE = YES_ERROR;
				CLANG_WARN_DOCUMENTATION_COMMENTS = YES;
				CLANG_WARN_EMPTY_BODY = YES;
				CLANG_WARN_ENUM_CONVERSION = YES;
				CLANG_WARN_INFINITE_RECURSION = YES;
				CLANG_WARN_INT_CONVERSION = YES;
				CLANG_WARN_NON_LITERAL_NULL_CONVERSION = YES;
				CLANG_WARN_OBJC_IMPLICIT_RETAIN_SELF = YES;
				CLANG_WARN_OBJC_LITERAL_CONVERSION = YES;
				CLANG_WARN_OBJC_ROOT_CLASS = YES_ERROR;
				CLANG_WARN_QUOTED_INCLUDE_IN_FRAMEWORK_HEADER = YES;
				CLANG_WARN_RANGE_LOOP_ANALYSIS = YES;
				CLANG_WARN_STRICT_PROTOTYPES = YES;
				CLANG_WARN_SUSPICIOUS_MOVE = YES;
				CLANG_WARN_UNGUARDED_AVAILABILITY = YES_AGGRESSIVE;
				CLANG_WARN_UNREACHABLE_CODE = YES;
				CLANG_WARN__DUPLICATE_METHOD_MATCH = YES;
				COPY_PHASE_STRIP = NO;
				DEBUG_INFORMATION_FORMAT = "dwarf-with-dsym";
				ENABLE_NS_ASSERTIONS = NO;
				ENABLE_STRICT_OBJC_MSGSEND = YES;
				GCC_C_LANGUAGE_STANDARD = gnu11;
				GCC_NO_COMMON_BLOCKS = YES;
				GCC_WARN_64_TO_32_BIT_CONVERSION = YES;
				GCC_WARN_ABOUT_RETURN_TYPE = YES_ERROR;
				GCC_WARN_UNDECLARED_SELECTOR = YES;
				GCC_WARN_UNINITIALIZED_AUTOS = YES_AGGRESSIVE;
				GCC_WARN_UNUSED_FUNCTION = YES;
				GCC_WARN_UNUSED_VARIABLE = YES;
				IPHONEOS_DEPLOYMENT_TARGET = 16.1;
				MTL_ENABLE_DEBUG_INFO = NO;
				MTL_FAST_MATH = YES;
				SDKROOT = iphoneos;
				SWIFT_COMPILATION_MODE = wholemodule;
				SWIFT_OPTIMIZATION_LEVEL = "-O";
				VALIDATE_PRODUCT = YES;
			};
			name = Release;
		};
		3117A78D2991F8D70081CFEA /* Debug */ = {
			isa = XCBuildConfiguration;
			buildSettings = {
				ASSETCATALOG_COMPILER_APPICON_NAME = AppIcon;
				ASSETCATALOG_COMPILER_GLOBAL_ACCENT_COLOR_NAME = AccentColor;
				CODE_SIGN_STYLE = Automatic;
				CURRENT_PROJECT_VERSION = 1;
				DEVELOPMENT_ASSET_PATHS = "\"v1_ui/Preview Content\"";
				ENABLE_PREVIEWS = YES;
				GENERATE_INFOPLIST_FILE = YES;
				INFOPLIST_KEY_UIApplicationSceneManifest_Generation = YES;
				INFOPLIST_KEY_UIApplicationSupportsIndirectInputEvents = YES;
				INFOPLIST_KEY_UILaunchScreen_Generation = YES;
				INFOPLIST_KEY_UISupportedInterfaceOrientations_iPad = "UIInterfaceOrientationPortrait UIInterfaceOrientationPortraitUpsideDown UIInterfaceOrientationLandscapeLeft UIInterfaceOrientationLandscapeRight";
				INFOPLIST_KEY_UISupportedInterfaceOrientations_iPhone = "UIInterfaceOrientationPortrait UIInterfaceOrientationLandscapeLeft UIInterfaceOrientationLandscapeRight";
				LD_RUNPATH_SEARCH_PATHS = (
					"$(inherited)",
					"@executable_path/Frameworks",
				);
				MARKETING_VERSION = 1.0;
				PRODUCT_BUNDLE_IDENTIFIER = "com.bearprod.v1-ui";
				PRODUCT_NAME = "$(TARGET_NAME)";
				SWIFT_EMIT_LOC_STRINGS = YES;
				SWIFT_VERSION = 5.0;
				TARGETED_DEVICE_FAMILY = "1,2";
			};
			name = Debug;
		};
		3117A78E2991F8D70081CFEA /* Release */ = {
			isa = XCBuildConfiguration;
			buildSettings = {
				ASSETCATALOG_COMPILER_APPICON_NAME = AppIcon;
				ASSETCATALOG_COMPILER_GLOBAL_ACCENT_COLOR_NAME = AccentColor;
				CODE_SIGN_STYLE = Automatic;
				CURRENT_PROJECT_VERSION = 1;
				DEVELOPMENT_ASSET_PATHS = "\"v1_ui/Preview Content\"";
				ENABLE_PREVIEWS = YES;
				GENERATE_INFOPLIST_FILE = YES;
				INFOPLIST_KEY_UIApplicationSceneManifest_Generation = YES;
				INFOPLIST_KEY_UIApplicationSupportsIndirectInputEvents = YES;
				INFOPLIST_KEY_UILaunchScreen_Generation = YES;
				INFOPLIST_KEY_UISupportedInterfaceOrientations_iPad = "UIInterfaceOrientationPortrait UIInterfaceOrientationPortraitUpsideDown UIInterfaceOrientationLandscapeLeft UIInterfaceOrientationLandscapeRight";
				INFOPLIST_KEY_UISupportedInterfaceOrientations_iPhone = "UIInterfaceOrientationPortrait UIInterfaceOrientationLandscapeLeft UIInterfaceOrientationLandscapeRight";
				LD_RUNPATH_SEARCH_PATHS = (
					"$(inherited)",
					"@executable_path/Frameworks",
				);
				MARKETING_VERSION = 1.0;
				PRODUCT_BUNDLE_IDENTIFIER = "com.bearprod.v1-ui";
				PRODUCT_NAME = "$(TARGET_NAME)";
				SWIFT_EMIT_LOC_STRINGS = YES;
				SWIFT_VERSION = 5.0;
				TARGETED_DEVICE_FAMILY = "1,2";
			};
			name = Release;
		};
/* End XCBuildConfiguration section */

/* Begin XCConfigurationList section */
		3117A7792991F8D60081CFEA /* Build configuration list for PBXProject "v1_ui" */ = {
			isa = XCConfigurationList;
			buildConfigurations = (
				3117A78A2991F8D70081CFEA /* Debug */,
				3117A78B2991F8D70081CFEA /* Release */,
			);
			defaultConfigurationIsVisible = 0;
			defaultConfigurationName = Release;
		};
		3117A78C2991F8D70081CFEA /* Build configuration list for PBXNativeTarget "v1_ui" */ = {
			isa = XCConfigurationList;
			buildConfigurations = (
				3117A78D2991F8D70081CFEA /* Debug */,
				3117A78E2991F8D70081CFEA /* Release */,
			);
			defaultConfigurationIsVisible = 0;
			defaultConfigurationName = Release;
		};
/* End XCConfigurationList section */

/* Begin XCRemoteSwiftPackageReference section */
		3149C43D29A68D0100CE62DE /* XCRemoteSwiftPackageReference "swiftui-segues" */ = {
			isa = XCRemoteSwiftPackageReference;
			repositoryURL = "https://github.com/globulus/swiftui-segues";
			requirement = {
				kind = upToNextMajorVersion;
				minimumVersion = 1.0.0;
			};
		};
/* End XCRemoteSwiftPackageReference section */

/* Begin XCSwiftPackageProductDependency section */
		3149C43E29A68D0100CE62DE /* SwiftUISegues */ = {
			isa = XCSwiftPackageProductDependency;
			package = 3149C43D29A68D0100CE62DE /* XCRemoteSwiftPackageReference "swiftui-segues" */;
			productName = SwiftUISegues;
		};
/* End XCSwiftPackageProductDependency section */
	};
	rootObject = 3117A7762991F8D60081CFEA /* Project object */;
}
